
Microsoft Visual Studio Solution File, Format Version 12.00
# Visual Studio 2017
Project("{FAE04EC0-301F-11D3-BF4B-00C04F79EFBC}") = "testApp", "testApp.csproj", "{55B004CC-CBC1-4C2A-8294-59B0A7A9B4CB}"
EndProject
Global
	GlobalSection(SolutionConfigurationPlatforms) = preSolution
		Debug|Any CPU = Debug|Any CPU
		Release|Any CPU = Release|Any CPU
	EndGlobalSection
	GlobalSection(ProjectConfigurationPlatforms) = postSolution
		{55B004CC-CBC1-4C2A-8294-59B0A7A9B4CB}.Debug|Any CPU.ActiveCfg = Debug|Any CPU
		{55B004CC-CBC1-4C2A-8294-59B0A7A9B4CB}.Debug|Any CPU.Build.0 = Debug|Any CPU
		{55B004CC-CBC1-4C2A-8294-59B0A7A9B4CB}.Release|Any CPU.ActiveCfg = Release|Any CPU
		{55B004CC-CBC1-4C2A-8294-59B0A7A9B4CB}.Release|Any CPU.Build.0 = Release|Any CPU
	EndGlobalSection
EndGlobal
